// !$*UTF8*$!
{
	archiveVersion = 1;
	classes = {
	};
	objectVersion = 77;
	objects = {

/* Begin PBXContainerItemProxy section */
		85C8E2AE2D185F6D000EE4C8 /* PBXContainerItemProxy */ = {
			isa = PBXContainerItemProxy;
			containerPortal = 85C8E28E2D185F6A000EE4C8 /* Project object */;
			proxyType = 1;
			remoteGlobalIDString = 85C8E2952D185F6A000EE4C8;
			remoteInfo = "remainder simple";
		};
		85C8E2B82D185F6D000EE4C8 /* PBXContainerItemProxy */ = {
			isa = PBXContainerItemProxy;
			containerPortal = 85C8E28E2D185F6A000EE4C8 /* Project object */;
			proxyType = 1;
			remoteGlobalIDString = 85C8E2952D185F6A000EE4C8;
			remoteInfo = "remainder simple";
		};
/* End PBXContainerItemProxy section */

/* Begin PBXFileReference section */
		85C8E2962D185F6A000EE4C8 /* remainder simple.app */ = {isa = PBXFileReference; explicitFileType = wrapper.application; includeInIndex = 0; path = "remainder simple.app"; sourceTree = BUILT_PRODUCTS_DIR; };
		85C8E2AD2D185F6D000EE4C8 /* remainder simpleTests.xctest */ = {isa = PBXFileReference; explicitFileType = wrapper.cfbundle; includeInIndex = 0; path = "remainder simpleTests.xctest"; sourceTree = BUILT_PRODUCTS_DIR; };
		85C8E2B72D185F6D000EE4C8 /* remainder simpleUITests.xctest */ = {isa = PBXFileReference; explicitFileType = wrapper.cfbundle; includeInIndex = 0; path = "remainder simpleUITests.xctest"; sourceTree = BUILT_PRODUCTS_DIR; };
/* End PBXFileReference section */

/* Begin PBXFileSystemSynchronizedBuildFileExceptionSet section */
		85C8E2BF2D185F6D000EE4C8 /* Exceptions for "remainder simple" folder in "remainder simple" target */ = {
			isa = PBXFileSystemSynchronizedBuildFileExceptionSet;
			membershipExceptions = (
				Info.plist,
			);
			target = 85C8E2952D185F6A000EE4C8 /* remainder simple */;
		};
/* End PBXFileSystemSynchronizedBuildFileExceptionSet section */

/* Begin PBXFileSystemSynchronizedRootGroup section */
		85C8E2982D185F6A000EE4C8 /* remainder simple */ = {
			isa = PBXFileSystemSynchronizedRootGroup;
			exceptions = (
				85C8E2BF2D185F6D000EE4C8 /* Exceptions for "remainder simple" folder in "remainder simple" target */,
			);
			path = "remainder simple";
			sourceTree = "<group>";
		};
		85C8E2B02D185F6D000EE4C8 /* remainder simpleTests */ = {
			isa = PBXFileSystemSynchronizedRootGroup;
			path = "remainder simpleTests";
			sourceTree = "<group>";
		};
		85C8E2BA2D185F6D000EE4C8 /* remainder simpleUITests */ = {
			isa = PBXFileSystemSynchronizedRootGroup;
			path = "remainder simpleUITests";
			sourceTree = "<group>";
		};
/* End PBXFileSystemSynchronizedRootGroup section */

/* Begin PBXFrameworksBuildPhase section */
		85C8E2932D185F6A000EE4C8 /* Frameworks */ = {
			isa = PBXFrameworksBuildPhase;
			buildActionMask = 2147483647;
			files = (
			);
			runOnlyForDeploymentPostprocessing = 0;
		};
		85C8E2AA2D185F6D000EE4C8 /* Frameworks */ = {
			isa = PBXFrameworksBuildPhase;
			buildActionMask = 2147483647;
			files = (
			);
			runOnlyForDeploymentPostprocessing = 0;
		};
		85C8E2B42D185F6D000EE4C8 /* Frameworks */ = {
			isa = PBXFrameworksBuildPhase;
			buildActionMask = 2147483647;
			files = (
			);
			runOnlyForDeploymentPostprocessing = 0;
		};
/* End PBXFrameworksBuildPhase section */

/* Begin PBXGroup section */
		85C8E28D2D185F6A000EE4C8 = {
			isa = PBXGroup;
			children = (
				85C8E2982D185F6A000EE4C8 /* remainder simple */,
				85C8E2B02D185F6D000EE4C8 /* remainder simpleTests */,
				85C8E2BA2D185F6D000EE4C8 /* remainder simpleUITests */,
				85C8E2972D185F6A000EE4C8 /* Products */,
			);
			sourceTree = "<group>";
		};
		85C8E2972D185F6A000EE4C8 /* Products */ = {
			isa = PBXGroup;
			children = (
				85C8E2962D185F6A000EE4C8 /* remainder simple.app */,
				85C8E2AD2D185F6D000EE4C8 /* remainder simpleTests.xctest */,
				85C8E2B72D185F6D000EE4C8 /* remainder simpleUITests.xctest */,
			);
			name = Products;
			sourceTree = "<group>";
		};
/* End PBXGroup section */

/* Begin PBXNativeTarget section */
		85C8E2952D185F6A000EE4C8 /* remainder simple */ = {
			isa = PBXNativeTarget;
			buildConfigurationList = 85C8E2C02D185F6D000EE4C8 /* Build configuration list for PBXNativeTarget "remainder simple" */;
			buildPhases = (
				85C8E2922D185F6A000EE4C8 /* Sources */,
				85C8E2932D185F6A000EE4C8 /* Frameworks */,
				85C8E2942D185F6A000EE4C8 /* Resources */,
			);
			buildRules = (
			);
			dependencies = (
			);
			fileSystemSynchronizedGroups = (
				85C8E2982D185F6A000EE4C8 /* remainder simple */,
			);
			name = "remainder simple";
			packageProductDependencies = (
			);
			productName = "remainder simple";
			productReference = 85C8E2962D185F6A000EE4C8 /* remainder simple.app */;
			productType = "com.apple.product-type.application";
		};
		85C8E2AC2D185F6D000EE4C8 /* remainder simpleTests */ = {
			isa = PBXNativeTarget;
			buildConfigurationList = 85C8E2C52D185F6D000EE4C8 /* Build configuration list for PBXNativeTarget "remainder simpleTests" */;
			buildPhases = (
				85C8E2A92D185F6D000EE4C8 /* Sources */,
				85C8E2AA2D185F6D000EE4C8 /* Frameworks */,
				85C8E2AB2D185F6D000EE4C8 /* Resources */,
			);
			buildRules = (
			);
			dependencies = (
				85C8E2AF2D185F6D000EE4C8 /* PBXTargetDependency */,
			);
			fileSystemSynchronizedGroups = (
				85C8E2B02D185F6D000EE4C8 /* remainder simpleTests */,
			);
			name = "remainder simpleTests";
			packageProductDependencies = (
			);
			productName = "remainder simpleTests";
			productReference = 85C8E2AD2D185F6D000EE4C8 /* remainder simpleTests.xctest */;
			productType = "com.apple.product-type.bundle.unit-test";
		};
		85C8E2B62D185F6D000EE4C8 /* remainder simpleUITests */ = {
			isa = PBXNativeTarget;
			buildConfigurationList = 85C8E2C82D185F6D000EE4C8 /* Build configuration list for PBXNativeTarget "remainder simpleUITests" */;
			buildPhases = (
				85C8E2B32D185F6D000EE4C8 /* Sources */,
				85C8E2B42D185F6D000EE4C8 /* Frameworks */,
				85C8E2B52D185F6D000EE4C8 /* Resources */,
			);
			buildRules = (
			);
			dependencies = (
				85C8E2B92D185F6D000EE4C8 /* PBXTargetDependency */,
			);
			fileSystemSynchronizedGroups = (
				85C8E2BA2D185F6D000EE4C8 /* remainder simpleUITests */,
			);
			name = "remainder simpleUITests";
			packageProductDependencies = (
			);
			productName = "remainder simpleUITests";
			productReference = 85C8E2B72D185F6D000EE4C8 /* remainder simpleUITests.xctest */;
			productType = "com.apple.product-type.bundle.ui-testing";
		};
/* End PBXNativeTarget section */

/* Begin PBXProject section */
		85C8E28E2D185F6A000EE4C8 /* Project object */ = {
			isa = PBXProject;
			attributes = {
				BuildIndependentTargetsInParallel = 1;
				LastSwiftUpdateCheck = 1620;
				LastUpgradeCheck = 1620;
				TargetAttributes = {
					85C8E2952D185F6A000EE4C8 = {
						CreatedOnToolsVersion = 16.2;
					};
					85C8E2AC2D185F6D000EE4C8 = {
						CreatedOnToolsVersion = 16.2;
						TestTargetID = 85C8E2952D185F6A000EE4C8;
					};
					85C8E2B62D185F6D000EE4C8 = {
						CreatedOnToolsVersion = 16.2;
						TestTargetID = 85C8E2952D185F6A000EE4C8;
					};
				};
			};
			buildConfigurationList = 85C8E2912D185F6A000EE4C8 /* Build configuration list for PBXProject "remainder simple" */;
			developmentRegion = en;
			hasScannedForEncodings = 0;
			knownRegions = (
				en,
				Base,
			);
			mainGroup = 85C8E28D2D185F6A000EE4C8;
			minimizedProjectReferenceProxies = 1;
			preferredProjectObjectVersion = 77;
			productRefGroup = 85C8E2972D185F6A000EE4C8 /* Products */;
			projectDirPath = "";
			projectRoot = "";
			targets = (
				85C8E2952D185F6A000EE4C8 /* remainder simple */,
				85C8E2AC2D185F6D000EE4C8 /* remainder simpleTests */,
				85C8E2B62D185F6D000EE4C8 /* remainder simpleUITests */,
			);
		};
/* End PBXProject section */

/* Begin PBXResourcesBuildPhase section */
		85C8E2942D185F6A000EE4C8 /* Resources */ = {
			isa = PBXResourcesBuildPhase;
			buildActionMask = 2147483647;
			files = (
			);
			runOnlyForDeploymentPostprocessing = 0;
		};
		85C8E2AB2D185F6D000EE4C8 /* Resources */ = {
			isa = PBXResourcesBuildPhase;
			buildActionMask = 2147483647;
			files = (
			);
			runOnlyForDeploymentPostprocessing = 0;
		};
		85C8E2B52D185F6D000EE4C8 /* Resources */ = {
			isa = PBXResourcesBuildPhase;
			buildActionMask = 2147483647;
			files = (
			);
			runOnlyForDeploymentPostprocessing = 0;
		};
/* End PBXResourcesBuildPhase section */

/* Begin PBXSourcesBuildPhase section */
		85C8E2922D185F6A000EE4C8 /* Sources */ = {
			isa = PBXSourcesBuildPhase;
			buildActionMask = 2147483647;
			files = (
			);
			runOnlyForDeploymentPostprocessing = 0;
		};
		85C8E2A92D185F6D000EE4C8 /* Sources */ = {
			isa = PBXSourcesBuildPhase;
			buildActionMask = 2147483647;
			files = (
			);
			runOnlyForDeploymentPostprocessing = 0;
		};
		85C8E2B32D185F6D000EE4C8 /* Sources */ = {
			isa = PBXSourcesBuildPhase;
			buildActionMask = 2147483647;
			files = (
			);
			runOnlyForDeploymentPostprocessing = 0;
		};
/* End PBXSourcesBuildPhase section */

/* Begin PBXTargetDependency section */
		85C8E2AF2D185F6D000EE4C8 /* PBXTargetDependency */ = {
			isa = PBXTargetDependency;
			target = 85C8E2952D185F6A000EE4C8 /* remainder simple */;
			targetProxy = 85C8E2AE2D185F6D000EE4C8 /* PBXContainerItemProxy */;
		};
		85C8E2B92D185F6D000EE4C8 /* PBXTargetDependency */ = {
			isa = PBXTargetDependency;
			target = 85C8E2952D185F6A000EE4C8 /* remainder simple */;
			targetProxy = 85C8E2B82D185F6D000EE4C8 /* PBXContainerItemProxy */;
		};
/* End PBXTargetDependency section */

/* Begin XCBuildConfiguration section */
		85C8E2C12D185F6D000EE4C8 /* Debug */ = {
			isa = XCBuildConfiguration;
			buildSettings = {
				ASSETCATALOG_COMPILER_APPICON_NAME = AppIcon;
				ASSETCATALOG_COMPILER_GLOBAL_ACCENT_COLOR_NAME = AccentColor;
				CODE_SIGN_ENTITLEMENTS = "remainder simple/remainder_simple.entitlements";
				CODE_SIGN_STYLE = Automatic;
				CURRENT_PROJECT_VERSION = 1;
				DEVELOPMENT_ASSET_PATHS = "\"remainder simple/Preview Content\"";
				ENABLE_PREVIEWS = YES;
				GENERATE_INFOPLIST_FILE = YES;
				INFOPLIST_FILE = "remainder simple/Info.plist";
				INFOPLIST_KEY_UIApplicationSceneManifest_Generation = YES;
				INFOPLIST_KEY_UIApplicationSupportsIndirectInputEvents = YES;
				INFOPLIST_KEY_UILaunchScreen_Generation = YES;
				INFOPLIST_KEY_UISupportedInterfaceOrientations_iPad = "UIInterfaceOrientationPortrait UIInterfaceOrientationPortraitUpsideDown UIInterfaceOrientationLandscapeLeft UIInterfaceOrientationLandscapeRight";
				INFOPLIST_KEY_UISupportedInterfaceOrientations_iPhone = "UIInterfaceOrientationPortrait UIInterfaceOrientationLandscapeLeft UIInterfaceOrientationLandscapeRight";
				LD_RUNPATH_SEARCH_PATHS = (
					"$(inherited)",
					"@executable_path/Frameworks",
				);
				MARKETING_VERSION = 1.0;
				PRODUCT_BUNDLE_IDENTIFIER = "swift.remainder-simple";
				PRODUCT_NAME = "$(TARGET_NAME)";
				SWIFT_EMIT_LOC_STRINGS = YES;
				SWIFT_VERSION = 5.0;
				TARGETED_DEVICE_FAMILY = "1,2";
			};
			name = Debug;
		};
		85C8E2C22D185F6D000EE4C8 /* Release */ = {
			isa = XCBuildConfiguration;
			buildSettings = {
				ASSETCATALOG_COMPILER_APPICON_NAME = AppIcon;
				ASSETCATALOG_COMPILER_GLOBAL_ACCENT_COLOR_NAME = AccentColor;
				CODE_SIGN_ENTITLEMENTS = "remainder simple/remainder_simple.entitlements";
				CODE_SIGN_STYLE = Automatic;
				CURRENT_PROJECT_VERSION = 1;
				DEVELOPMENT_ASSET_PATHS = "\"remainder simple/Preview Content\"";
				ENABLE_PREVIEWS = YES;
				GENERATE_INFOPLIST_FILE = YES;
				INFOPLIST_FILE = "remainder simple/Info.plist";
				INFOPLIST_KEY_UIApplicationSceneManifest_Generation = YES;
				INFOPLIST_KEY_UIApplicationSupportsIndirectInputEvents = YES;
				INFOPLIST_KEY_UILaunchScreen_Generation = YES;
				INFOPLIST_KEY_UISupportedInterfaceOrientations_iPad = "UIInterfaceOrientationPortrait UIInterfaceOrientationPortraitUpsideDown UIInterfaceOrientationLandscapeLeft UIInterfaceOrientationLandscapeRight";
				INFOPLIST_KEY_UISupportedInterfaceOrientations_iPhone = "UIInterfaceOrientationPortrait UIInterfaceOrientationLandscapeLeft UIInterfaceOrientationLandscapeRight";
				LD_RUNPATH_SEARCH_PATHS = (
					"$(inherited)",
					"@executable_path/Frameworks",
				);
				MARKETING_VERSION = 1.0;
				PRODUCT_BUNDLE_IDENTIFIER = "swift.remainder-simple";
				PRODUCT_NAME = "$(TARGET_NAME)";
				SWIFT_EMIT_LOC_STRINGS = YES;
				SWIFT_VERSION = 5.0;
				TARGETED_DEVICE_FAMILY = "1,2";
			};
			name = Release;
		};
		85C8E2C32D185F6D000EE4C8 /* Debug */ = {
			isa = XCBuildConfiguration;
			buildSettings = {
				ALWAYS_SEARCH_USER_PATHS = NO;
				ASSETCATALOG_COMPILER_GENERATE_SWIFT_ASSET_SYMBOL_EXTENSIONS = YES;
				CLANG_ANALYZER_NONNULL = YES;
				CLANG_ANALYZER_NUMBER_OBJECT_CONVERSION = YES_AGGRESSIVE;
				CLANG_CXX_LANGUAGE_STANDARD = "gnu++20";
				CLANG_ENABLE_MODULES = YES;
				CLANG_ENABLE_OBJC_ARC = YES;
				CLANG_ENABLE_OBJC_WEAK = YES;
				CLANG_WARN_BLOCK_CAPTURE_AUTORELEASING = YES;
				CLANG_WARN_BOOL_CONVERSION = YES;
				CLANG_WARN_COMMA = YES;
				CLANG_WARN_CONSTANT_CONVERSION = YES;
				CLANG_WARN_DEPRECATED_OBJC_IMPLEMENTATIONS = YES;
				CLANG_WARN_DIRECT_OBJC_ISA_USAGE = YES_ERROR;
				CLANG_WARN_DOCUMENTATION_COMMENTS = YES;
				CLANG_WARN_EMPTY_BODY = YES;
				CLANG_WARN_ENUM_CONVERSION = YES;
				CLANG_WARN_INFINITE_RECURSION = YES;
				CLANG_WARN_INT_CONVERSION = YES;
				CLANG_WARN_NON_LITERAL_NULL_CONVERSION = YES;
				CLANG_WARN_OBJC_IMPLICIT_RETAIN_SELF = YES;
				CLANG_WARN_OBJC_LITERAL_CONVERSION = YES;
				CLANG_WARN_OBJC_ROOT_CLASS = YES_ERROR;
				CLANG_WARN_QUOTED_INCLUDE_IN_FRAMEWORK_HEADER = YES;
				CLANG_WARN_RANGE_LOOP_ANALYSIS = YES;
				CLANG_WARN_STRICT_PROTOTYPES = YES;
				CLANG_WARN_SUSPICIOUS_MOVE = YES;
				CLANG_WARN_UNGUARDED_AVAILABILITY = YES_AGGRESSIVE;
				CLANG_WARN_UNREACHABLE_CODE = YES;
				CLANG_WARN__DUPLICATE_METHOD_MATCH = YES;
				COPY_PHASE_STRIP = NO;
				DEBUG_INFORMATION_FORMAT = dwarf;
				ENABLE_STRICT_OBJC_MSGSEND = YES;
				ENABLE_TESTABILITY = YES;
				ENABLE_USER_SCRIPT_SANDBOXING = YES;
				GCC_C_LANGUAGE_STANDARD = gnu17;
				GCC_DYNAMIC_NO_PIC = NO;
				GCC_NO_COMMON_BLOCKS = YES;
				GCC_OPTIMIZATION_LEVEL = 0;
				GCC_PREPROCESSOR_DEFINITIONS = (
					"DEBUG=1",
					"$(inherited)",
				);
				GCC_WARN_64_TO_32_BIT_CONVERSION = YES;
				GCC_WARN_ABOUT_RETURN_TYPE = YES_ERROR;
				GCC_WARN_UNDECLARED_SELECTOR = YES;
				GCC_WARN_UNINITIALIZED_AUTOS = YES_AGGRESSIVE;
				GCC_WARN_UNUSED_FUNCTION = YES;
				GCC_WARN_UNUSED_VARIABLE = YES;
				IPHONEOS_DEPLOYMENT_TARGET = 18.2;
				LOCALIZATION_PREFERS_STRING_CATALOGS = YES;
				MTL_ENABLE_DEBUG_INFO = INCLUDE_SOURCE;
				MTL_FAST_MATH = YES;
				ONLY_ACTIVE_ARCH = YES;
				SDKROOT = iphoneos;
				SWIFT_ACTIVE_COMPILATION_CONDITIONS = "DEBUG $(inherited)";
				SWIFT_OPTIMIZATION_LEVEL = "-Onone";
			};
			name = Debug;
		};
		85C8E2C42D185F6D000EE4C8 /* Release */ = {
			isa = XCBuildConfiguration;
			buildSettings = {
				ALWAYS_SEARCH_USER_PATHS = NO;
				ASSETCATALOG_COMPILER_GENERATE_SWIFT_ASSET_SYMBOL_EXTENSIONS = YES;
				CLANG_ANALYZER_NONNULL = YES;
				CLANG_ANALYZER_NUMBER_OBJECT_CONVERSION = YES_AGGRESSIVE;
				CLANG_CXX_LANGUAGE_STANDARD = "gnu++20";
				CLANG_ENABLE_MODULES = YES;
				CLANG_ENABLE_OBJC_ARC = YES;
				CLANG_ENABLE_OBJC_WEAK = YES;
				CLANG_WARN_BLOCK_CAPTURE_AUTORELEASING = YES;
				CLANG_WARN_BOOL_CONVERSION = YES;
				CLANG_WARN_COMMA = YES;
				CLANG_WARN_CONSTANT_CONVERSION = YES;
				CLANG_WARN_DEPRECATED_OBJC_IMPLEMENTATIONS = YES;
				CLANG_WARN_DIRECT_OBJC_ISA_USAGE = YES_ERROR;
				CLANG_WARN_DOCUMENTATION_COMMENTS = YES;
				CLANG_WARN_EMPTY_BODY = YES;
				CLANG_WARN_ENUM_CONVERSION = YES;
				CLANG_WARN_INFINITE_RECURSION = YES;
				CLANG_WARN_INT_CONVERSION = YES;
				CLANG_WARN_NON_LITERAL_NULL_CONVERSION = YES;
				CLANG_WARN_OBJC_IMPLICIT_RETAIN_SELF = YES;
				CLANG_WARN_OBJC_LITERAL_CONVERSION = YES;
				CLANG_WARN_OBJC_ROOT_CLASS = YES_ERROR;
				CLANG_WARN_QUOTED_INCLUDE_IN_FRAMEWORK_HEADER = YES;
				CLANG_WARN_RANGE_LOOP_ANALYSIS = YES;
				CLANG_WARN_STRICT_PROTOTYPES = YES;
				CLANG_WARN_SUSPICIOUS_MOVE = YES;
				CLANG_WARN_UNGUARDED_AVAILABILITY = YES_AGGRESSIVE;
				CLANG_WARN_UNREACHABLE_CODE = YES;
				CLANG_WARN__DUPLICATE_METHOD_MATCH = YES;
				COPY_PHASE_STRIP = NO;
				DEBUG_INFORMATION_FORMAT = "dwarf-with-dsym";
				ENABLE_NS_ASSERTIONS = NO;
				ENABLE_STRICT_OBJC_MSGSEND = YES;
				ENABLE_USER_SCRIPT_SANDBOXING = YES;
				GCC_C_LANGUAGE_STANDARD = gnu17;
				GCC_NO_COMMON_BLOCKS = YES;
				GCC_WARN_64_TO_32_BIT_CONVERSION = YES;
				GCC_WARN_ABOUT_RETURN_TYPE = YES_ERROR;
				GCC_WARN_UNDECLARED_SELECTOR = YES;
				GCC_WARN_UNINITIALIZED_AUTOS = YES_AGGRESSIVE;
				GCC_WARN_UNUSED_FUNCTION = YES;
				GCC_WARN_UNUSED_VARIABLE = YES;
				IPHONEOS_DEPLOYMENT_TARGET = 18.2;
				LOCALIZATION_PREFERS_STRING_CATALOGS = YES;
				MTL_ENABLE_DEBUG_INFO = NO;
				MTL_FAST_MATH = YES;
				SDKROOT = iphoneos;
				SWIFT_COMPILATION_MODE = wholemodule;
				VALIDATE_PRODUCT = YES;
			};
			name = Release;
		};
		85C8E2C62D185F6D000EE4C8 /* Debug */ = {
			isa = XCBuildConfiguration;
			buildSettings = {
				BUNDLE_LOADER = "$(TEST_HOST)";
				CODE_SIGN_STYLE = Automatic;
				CURRENT_PROJECT_VERSION = 1;
				GENERATE_INFOPLIST_FILE = YES;
				IPHONEOS_DEPLOYMENT_TARGET = 18.2;
				MARKETING_VERSION = 1.0;
				PRODUCT_BUNDLE_IDENTIFIER = "swift.remainder-simpleTests";
				PRODUCT_NAME = "$(TARGET_NAME)";
				SWIFT_EMIT_LOC_STRINGS = NO;
				SWIFT_VERSION = 5.0;
				TARGETED_DEVICE_FAMILY = "1,2";
				TEST_HOST = "$(BUILT_PRODUCTS_DIR)/remainder simple.app/$(BUNDLE_EXECUTABLE_FOLDER_PATH)/remainder simple";
			};
			name = Debug;
		};
		85C8E2C72D185F6D000EE4C8 /* Release */ = {
			isa = XCBuildConfiguration;
			buildSettings = {
				BUNDLE_LOADER = "$(TEST_HOST)";
				CODE_SIGN_STYLE = Automatic;
				CURRENT_PROJECT_VERSION = 1;
				GENERATE_INFOPLIST_FILE = YES;
				IPHONEOS_DEPLOYMENT_TARGET = 18.2;
				MARKETING_VERSION = 1.0;
				PRODUCT_BUNDLE_IDENTIFIER = "swift.remainder-simpleTests";
				PRODUCT_NAME = "$(TARGET_NAME)";
				SWIFT_EMIT_LOC_STRINGS = NO;
				SWIFT_VERSION = 5.0;
				TARGETED_DEVICE_FAMILY = "1,2";
				TEST_HOST = "$(BUILT_PRODUCTS_DIR)/remainder simple.app/$(BUNDLE_EXECUTABLE_FOLDER_PATH)/remainder simple";
			};
			name = Release;
		};
		85C8E2C92D185F6D000EE4C8 /* Debug */ = {
			isa = XCBuildConfiguration;
			buildSettings = {
				CODE_SIGN_STYLE = Automatic;
				CURRENT_PROJECT_VERSION = 1;
				GENERATE_INFOPLIST_FILE = YES;
				MARKETING_VERSION = 1.0;
				PRODUCT_BUNDLE_IDENTIFIER = "swift.remainder-simpleUITests";
				PRODUCT_NAME = "$(TARGET_NAME)";
				SWIFT_EMIT_LOC_STRINGS = NO;
				SWIFT_VERSION = 5.0;
				TARGETED_DEVICE_FAMILY = "1,2";
				TEST_TARGET_NAME = "remainder simple";
			};
			name = Debug;
		};
		85C8E2CA2D185F6D000EE4C8 /* Release */ = {
			isa = XCBuildConfiguration;
			buildSettings = {
				CODE_SIGN_STYLE = Automatic;
				CURRENT_PROJECT_VERSION = 1;
				GENERATE_INFOPLIST_FILE = YES;
				MARKETING_VERSION = 1.0;
				PRODUCT_BUNDLE_IDENTIFIER = "swift.remainder-simpleUITests";
				PRODUCT_NAME = "$(TARGET_NAME)";
				SWIFT_EMIT_LOC_STRINGS = NO;
				SWIFT_VERSION = 5.0;
				TARGETED_DEVICE_FAMILY = "1,2";
				TEST_TARGET_NAME = "remainder simple";
			};
			name = Release;
		};
/* End XCBuildConfiguration section */

/* Begin XCConfigurationList section */
		85C8E2912D185F6A000EE4C8 /* Build configuration list for PBXProject "remainder simple" */ = {
			isa = XCConfigurationList;
			buildConfigurations = (
				85C8E2C32D185F6D000EE4C8 /* Debug */,
				85C8E2C42D185F6D000EE4C8 /* Release */,
			);
			defaultConfigurationIsVisible = 0;
			defaultConfigurationName = Release;
		};
		85C8E2C02D185F6D000EE4C8 /* Build configuration list for PBXNativeTarget "remainder simple" */ = {
			isa = XCConfigurationList;
			buildConfigurations = (
				85C8E2C12D185F6D000EE4C8 /* Debug */,
				85C8E2C22D185F6D000EE4C8 /* Release */,
			);
			defaultConfigurationIsVisible = 0;
			defaultConfigurationName = Release;
		};
		85C8E2C52D185F6D000EE4C8 /* Build configuration list for PBXNativeTarget "remainder simpleTests" */ = {
			isa = XCConfigurationList;
			buildConfigurations = (
				85C8E2C62D185F6D000EE4C8 /* Debug */,
				85C8E2C72D185F6D000EE4C8 /* Release */,
			);
			defaultConfigurationIsVisible = 0;
			defaultConfigurationName = Release;
		};
		85C8E2C82D185F6D000EE4C8 /* Build configuration list for PBXNativeTarget "remainder simpleUITests" */ = {
			isa = XCConfigurationList;
			buildConfigurations = (
				85C8E2C92D185F6D000EE4C8 /* Debug */,
				85C8E2CA2D185F6D000EE4C8 /* Release */,
			);
			defaultConfigurationIsVisible = 0;
			defaultConfigurationName = Release;
		};
/* End XCConfigurationList section */
	};
	rootObject = 85C8E28E2D185F6A000EE4C8 /* Project object */;
}
